
Microsoft Visual Studio Solution File, Format Version 12.00
# Visual Studio Version 17
VisualStudioVersion = 17.14.36616.10 d17.14
MinimumVisualStudioVersion = 10.0.40219.1
Project("{FAE04EC0-301F-11D3-BF4B-00C04F79EFBC}") = "CpuWarmer", "CpuWarmer.csproj", "{86B5F05F-F1F9-45AE-90AC-1DF70F9F0CB7}"
EndProject
Global
	GlobalSection(SolutionConfigurationPlatforms) = preSolution
		Debug|Any CPU = Debug|Any CPU
		Release|Any CPU = Release|Any CPU
	EndGlobalSection
	GlobalSection(ProjectConfigurationPlatforms) = postSolution
		{86B5F05F-F1F9-45AE-90AC-1DF70F9F0CB7}.Debug|Any CPU.ActiveCfg = Debug|Any CPU
		{86B5F05F-F1F9-45AE-90AC-1DF70F9F0CB7}.Debug|Any CPU.Build.0 = Debug|Any CPU
		{86B5F05F-F1F9-45AE-90AC-1DF70F9F0CB7}.Release|Any CPU.ActiveCfg = Release|Any CPU
		{86B5F05F-F1F9-45AE-90AC-1DF70F9F0CB7}.Release|Any CPU.Build.0 = Release|Any CPU
	EndGlobalSection
	GlobalSection(SolutionProperties) = preSolution
		HideSolutionNode = FALSE
	EndGlobalSection
	GlobalSection(ExtensibilityGlobals) = postSolution
		SolutionGuid = {6575C900-2D4B-495D-AB04-90EFE976F66A}
	EndGlobalSection
EndGlobal
